
Microsoft Visual Studio Solution File, Format Version 12.00
# Visual Studio Version 16
VisualStudioVersion = 16.0.30717.126
MinimumVisualStudioVersion = 10.0.40219.1
Project("{9A19103F-16F7-4668-BE54-9A1E7A4F7556}") = "ILN2Tikz", "ILN2Tikz\ILN2Tikz.csproj", "{81B77B77-F4F1-4622-9328-86A014910196}"
EndProject
Project("{9A19103F-16F7-4668-BE54-9A1E7A4F7556}") = "TikzDemo", "TikzDemo\TikzDemo.csproj", "{62F47750-2975-4CEE-B9E0-96B5B3816D3D}"
EndProject
Global
	GlobalSection(SolutionConfigurationPlatforms) = preSolution
		Debug|Any CPU = Debug|Any CPU
		Release|Any CPU = Release|Any CPU
	EndGlobalSection
	GlobalSection(ProjectConfigurationPlatforms) = postSolution
		{81B77B77-F4F1-4622-9328-86A014910196}.Debug|Any CPU.ActiveCfg = Debug|Any CPU
		{81B77B77-F4F1-4622-9328-86A014910196}.Debug|Any CPU.Build.0 = Debug|Any CPU
		{81B77B77-F4F1-4622-9328-86A014910196}.Release|Any CPU.ActiveCfg = Release|Any CPU
		{81B77B77-F4F1-4622-9328-86A014910196}.Release|Any CPU.Build.0 = Release|Any CPU
		{62F47750-2975-4CEE-B9E0-96B5B3816D3D}.Debug|Any CPU.ActiveCfg = Debug|Any CPU
		{62F47750-2975-4CEE-B9E0-96B5B3816D3D}.Debug|Any CPU.Build.0 = Debug|Any CPU
		{62F47750-2975-4CEE-B9E0-96B5B3816D3D}.Release|Any CPU.ActiveCfg = Release|Any CPU
		{62F47750-2975-4CEE-B9E0-96B5B3816D3D}.Release|Any CPU.Build.0 = Release|Any CPU
	EndGlobalSection
	GlobalSection(SolutionProperties) = preSolution
		HideSolutionNode = FALSE
	EndGlobalSection
	GlobalSection(ExtensibilityGlobals) = postSolution
		SolutionGuid = {765EB0AC-34D6-4D3D-9696-20EA6F5F1296}
	EndGlobalSection
EndGlobal
